// !$*UTF8*$!
{
	archiveVersion = 1;
	classes = {
	};
	objectVersion = 48;
	objects = {

/* Begin PBXBuildFile section */
		1A9D68E71FAC463A00DDA475 /* UIView+extend.m in Sources */ = {isa = PBXBuildFile; fileRef = 1A9D68E61FAC463A00DDA475 /* UIView+extend.m */; };
		1A9D68EA1FAC553C00DDA475 /* ViewAAA.m in Sources */ = {isa = PBXBuildFile; fileRef = 1A9D68E91FAC553C00DDA475 /* ViewAAA.m */; };
		1A9D68ED1FAC554900DDA475 /* ViewBBB.m in Sources */ = {isa = PBXBuildFile; fileRef = 1A9D68EC1FAC554900DDA475 /* ViewBBB.m */; };
		1A9D68F01FAC555300DDA475 /* ViewCCC.m in Sources */ = {isa = PBXBuildFile; fileRef = 1A9D68EF1FAC555300DDA475 /* ViewCCC.m */; };
		1A9D68F31FAC557E00DDA475 /* ViewDDD.m in Sources */ = {isa = PBXBuildFile; fileRef = 1A9D68F21FAC557E00DDA475 /* ViewDDD.m */; };
		1A9D68F61FAC558800DDA475 /* ViewEEE.m in Sources */ = {isa = PBXBuildFile; fileRef = 1A9D68F51FAC558800DDA475 /* ViewEEE.m */; };
		1A9D68FA1FB0563A00DDA475 /* IrregularView.m in Sources */ = {isa = PBXBuildFile; fileRef = 1A9D68F91FB0563A00DDA475 /* IrregularView.m */; };
		1A9D68FD1FB0564B00DDA475 /* IrregularViewController.m in Sources */ = {isa = PBXBuildFile; fileRef = 1A9D68FC1FB0564B00DDA475 /* IrregularViewController.m */; };
		1A9D69011FB0628400DDA475 /* HiddenTouchEventViewController.m in Sources */ = {isa = PBXBuildFile; fileRef = 1A9D69001FB0628400DDA475 /* HiddenTouchEventViewController.m */; };
		1A9D69041FB0635200DDA475 /* HiddenTouchEventView.m in Sources */ = {isa = PBXBuildFile; fileRef = 1A9D69031FB0635200DDA475 /* HiddenTouchEventView.m */; };
		1A9D69081FB189E900DDA475 /* MotionEventViewController.m in Sources */ = {isa = PBXBuildFile; fileRef = 1A9D69071FB189E900DDA475 /* MotionEventViewController.m */; };
		1A9E47371F8B6B22006314CC /* AppDelegate.m in Sources */ = {isa = PBXBuildFile; fileRef = 1A9E47361F8B6B22006314CC /* AppDelegate.m */; };
		1A9E473F1F8B6B23006314CC /* Assets.xcassets in Resources */ = {isa = PBXBuildFile; fileRef = 1A9E473E1F8B6B23006314CC /* Assets.xcassets */; };
		1A9E47451F8B6B23006314CC /* main.m in Sources */ = {isa = PBXBuildFile; fileRef = 1A9E47441F8B6B23006314CC /* main.m */; };
		1A9E474D1F8B6C32006314CC /* HomeViewController.m in Sources */ = {isa = PBXBuildFile; fileRef = 1A9E474C1F8B6C32006314CC /* HomeViewController.m */; };
		1A9E47511F8B6F56006314CC /* ResponderChainViewController.m in Sources */ = {isa = PBXBuildFile; fileRef = 1A9E47501F8B6F56006314CC /* ResponderChainViewController.m */; };
		1A9E47581F8B723F006314CC /* LaunchScreen.storyboard in Resources */ = {isa = PBXBuildFile; fileRef = 1A9E47561F8B723A006314CC /* LaunchScreen.storyboard */; };
		1A9E47591F8B7243006314CC /* Main.storyboard in Resources */ = {isa = PBXBuildFile; fileRef = 1A9E47571F8B723A006314CC /* Main.storyboard */; };
/* End PBXBuildFile section */

/* Begin PBXFileReference section */
		1A9D68E51FAC463A00DDA475 /* UIView+extend.h */ = {isa = PBXFileReference; lastKnownFileType = sourcecode.c.h; path = "UIView+extend.h"; sourceTree = "<group>"; };
		1A9D68E61FAC463A00DDA475 /* UIView+extend.m */ = {isa = PBXFileReference; lastKnownFileType = sourcecode.c.objc; path = "UIView+extend.m"; sourceTree = "<group>"; };
		1A9D68E81FAC553C00DDA475 /* ViewAAA.h */ = {isa = PBXFileReference; lastKnownFileType = sourcecode.c.h; path = ViewAAA.h; sourceTree = "<group>"; };
		1A9D68E91FAC553C00DDA475 /* ViewAAA.m */ = {isa = PBXFileReference; lastKnownFileType = sourcecode.c.objc; path = ViewAAA.m; sourceTree = "<group>"; };
		1A9D68EB1FAC554900DDA475 /* ViewBBB.h */ = {isa = PBXFileReference; lastKnownFileType = sourcecode.c.h; path = ViewBBB.h; sourceTree = "<group>"; };
		1A9D68EC1FAC554900DDA475 /* ViewBBB.m */ = {isa = PBXFileReference; lastKnownFileType = sourcecode.c.objc; path = ViewBBB.m; sourceTree = "<group>"; };
		1A9D68EE1FAC555300DDA475 /* ViewCCC.h */ = {isa = PBXFileReference; lastKnownFileType = sourcecode.c.h; path = ViewCCC.h; sourceTree = "<group>"; };
		1A9D68EF1FAC555300DDA475 /* ViewCCC.m */ = {isa = PBXFileReference; lastKnownFileType = sourcecode.c.objc; path = ViewCCC.m; sourceTree = "<group>"; };
		1A9D68F11FAC557E00DDA475 /* ViewDDD.h */ = {isa = PBXFileReference; lastKnownFileType = sourcecode.c.h; path = ViewDDD.h; sourceTree = "<group>"; };
		1A9D68F21FAC557E00DDA475 /* ViewDDD.m */ = {isa = PBXFileReference; lastKnownFileType = sourcecode.c.objc; path = ViewDDD.m; sourceTree = "<group>"; };
		1A9D68F41FAC558800DDA475 /* ViewEEE.h */ = {isa = PBXFileReference; lastKnownFileType = sourcecode.c.h; path = ViewEEE.h; sourceTree = "<group>"; };
		1A9D68F51FAC558800DDA475 /* ViewEEE.m */ = {isa = PBXFileReference; lastKnownFileType = sourcecode.c.objc; path = ViewEEE.m; sourceTree = "<group>"; };
		1A9D68F81FB0563A00DDA475 /* IrregularView.h */ = {isa = PBXFileReference; lastKnownFileType = sourcecode.c.h; path = IrregularView.h; sourceTree = "<group>"; };
		1A9D68F91FB0563A00DDA475 /* IrregularView.m */ = {isa = PBXFileReference; lastKnownFileType = sourcecode.c.objc; path = IrregularView.m; sourceTree = "<group>"; };
		1A9D68FB1FB0564B00DDA475 /* IrregularViewController.h */ = {isa = PBXFileReference; lastKnownFileType = sourcecode.c.h; path = IrregularViewController.h; sourceTree = "<group>"; };
		1A9D68FC1FB0564B00DDA475 /* IrregularViewController.m */ = {isa = PBXFileReference; lastKnownFileType = sourcecode.c.objc; path = IrregularViewController.m; sourceTree = "<group>"; };
		1A9D68FF1FB0628400DDA475 /* HiddenTouchEventViewController.h */ = {isa = PBXFileReference; lastKnownFileType = sourcecode.c.h; path = HiddenTouchEventViewController.h; sourceTree = "<group>"; };
		1A9D69001FB0628400DDA475 /* HiddenTouchEventViewController.m */ = {isa = PBXFileReference; lastKnownFileType = sourcecode.c.objc; path = HiddenTouchEventViewController.m; sourceTree = "<group>"; };
		1A9D69021FB0635200DDA475 /* HiddenTouchEventView.h */ = {isa = PBXFileReference; lastKnownFileType = sourcecode.c.h; path = HiddenTouchEventView.h; sourceTree = "<group>"; };
		1A9D69031FB0635200DDA475 /* HiddenTouchEventView.m */ = {isa = PBXFileReference; lastKnownFileType = sourcecode.c.objc; path = HiddenTouchEventView.m; sourceTree = "<group>"; };
		1A9D69061FB189E900DDA475 /* MotionEventViewController.h */ = {isa = PBXFileReference; lastKnownFileType = sourcecode.c.h; path = MotionEventViewController.h; sourceTree = "<group>"; };
		1A9D69071FB189E900DDA475 /* MotionEventViewController.m */ = {isa = PBXFileReference; lastKnownFileType = sourcecode.c.objc; path = MotionEventViewController.m; sourceTree = "<group>"; };
		1A9E47321F8B6B21006314CC /* EventHandlingDemo.app */ = {isa = PBXFileReference; explicitFileType = wrapper.application; includeInIndex = 0; path = EventHandlingDemo.app; sourceTree = BUILT_PRODUCTS_DIR; };
		1A9E47351F8B6B22006314CC /* AppDelegate.h */ = {isa = PBXFileReference; lastKnownFileType = sourcecode.c.h; path = AppDelegate.h; sourceTree = "<group>"; };
		1A9E47361F8B6B22006314CC /* AppDelegate.m */ = {isa = PBXFileReference; lastKnownFileType = sourcecode.c.objc; path = AppDelegate.m; sourceTree = "<group>"; };
		1A9E473E1F8B6B23006314CC /* Assets.xcassets */ = {isa = PBXFileReference; lastKnownFileType = folder.assetcatalog; path = Assets.xcassets; sourceTree = "<group>"; };
		1A9E47431F8B6B23006314CC /* Info.plist */ = {isa = PBXFileReference; lastKnownFileType = text.plist.xml; path = Info.plist; sourceTree = "<group>"; };
		1A9E47441F8B6B23006314CC /* main.m */ = {isa = PBXFileReference; lastKnownFileType = sourcecode.c.objc; path = main.m; sourceTree = "<group>"; };
		1A9E474B1F8B6C32006314CC /* HomeViewController.h */ = {isa = PBXFileReference; lastKnownFileType = sourcecode.c.h; path = HomeViewController.h; sourceTree = "<group>"; };
		1A9E474C1F8B6C32006314CC /* HomeViewController.m */ = {isa = PBXFileReference; lastKnownFileType = sourcecode.c.objc; path = HomeViewController.m; sourceTree = "<group>"; };
		1A9E474F1F8B6F56006314CC /* ResponderChainViewController.h */ = {isa = PBXFileReference; lastKnownFileType = sourcecode.c.h; path = ResponderChainViewController.h; sourceTree = "<group>"; };
		1A9E47501F8B6F56006314CC /* ResponderChainViewController.m */ = {isa = PBXFileReference; lastKnownFileType = sourcecode.c.objc; path = ResponderChainViewController.m; sourceTree = "<group>"; };
		1A9E47561F8B723A006314CC /* LaunchScreen.storyboard */ = {isa = PBXFileReference; lastKnownFileType = file.storyboard; path = LaunchScreen.storyboard; sourceTree = "<group>"; };
		1A9E47571F8B723A006314CC /* Main.storyboard */ = {isa = PBXFileReference; lastKnownFileType = file.storyboard; path = Main.storyboard; sourceTree = "<group>"; };
/* End PBXFileReference section */

/* Begin PBXFrameworksBuildPhase section */
		1A9E472F1F8B6B21006314CC /* Frameworks */ = {
			isa = PBXFrameworksBuildPhase;
			buildActionMask = 2147483647;
			files = (
			);
			runOnlyForDeploymentPostprocessing = 0;
		};
/* End PBXFrameworksBuildPhase section */

/* Begin PBXGroup section */
		1A9D68F71FB055F400DDA475 /* 不规则视图点击 */ = {
			isa = PBXGroup;
			children = (
				1A9D68F81FB0563A00DDA475 /* IrregularView.h */,
				1A9D68F91FB0563A00DDA475 /* IrregularView.m */,
				1A9D68FB1FB0564B00DDA475 /* IrregularViewController.h */,
				1A9D68FC1FB0564B00DDA475 /* IrregularViewController.m */,
			);
			path = "不规则视图点击";
			sourceTree = "<group>";
		};
		1A9D68FE1FB0626700DDA475 /* 隐藏子视图触摸事件 */ = {
			isa = PBXGroup;
			children = (
				1A9D68FF1FB0628400DDA475 /* HiddenTouchEventViewController.h */,
				1A9D69001FB0628400DDA475 /* HiddenTouchEventViewController.m */,
				1A9D69021FB0635200DDA475 /* HiddenTouchEventView.h */,
				1A9D69031FB0635200DDA475 /* HiddenTouchEventView.m */,
			);
			path = "隐藏子视图触摸事件";
			sourceTree = "<group>";
		};
		1A9D69051FB189B700DDA475 /* 运动事件 */ = {
			isa = PBXGroup;
			children = (
				1A9D69061FB189E900DDA475 /* MotionEventViewController.h */,
				1A9D69071FB189E900DDA475 /* MotionEventViewController.m */,
			);
			path = "运动事件";
			sourceTree = "<group>";
		};
		1A9E47291F8B6B20006314CC = {
			isa = PBXGroup;
			children = (
				1A9E47341F8B6B21006314CC /* EventHandlingDemo */,
				1A9E47331F8B6B21006314CC /* Products */,
			);
			sourceTree = "<group>";
		};
		1A9E47331F8B6B21006314CC /* Products */ = {
			isa = PBXGroup;
			children = (
				1A9E47321F8B6B21006314CC /* EventHandlingDemo.app */,
			);
			name = Products;
			sourceTree = "<group>";
		};
		1A9E47341F8B6B21006314CC /* EventHandlingDemo */ = {
			isa = PBXGroup;
			children = (
				1A9E474E1F8B6F2E006314CC /* 触摸事件响应链 */,
				1A9D68F71FB055F400DDA475 /* 不规则视图点击 */,
				1A9D68FE1FB0626700DDA475 /* 隐藏子视图触摸事件 */,
				1A9D69051FB189B700DDA475 /* 运动事件 */,
				1A9E47351F8B6B22006314CC /* AppDelegate.h */,
				1A9E47361F8B6B22006314CC /* AppDelegate.m */,
				1A9E474B1F8B6C32006314CC /* HomeViewController.h */,
				1A9E474C1F8B6C32006314CC /* HomeViewController.m */,
				1A9D68E51FAC463A00DDA475 /* UIView+extend.h */,
				1A9D68E61FAC463A00DDA475 /* UIView+extend.m */,
				1A9E473E1F8B6B23006314CC /* Assets.xcassets */,
				1A9E47431F8B6B23006314CC /* Info.plist */,
				1A9E47441F8B6B23006314CC /* main.m */,
				1A9E47561F8B723A006314CC /* LaunchScreen.storyboard */,
				1A9E47571F8B723A006314CC /* Main.storyboard */,
			);
			path = EventHandlingDemo;
			sourceTree = "<group>";
		};
		1A9E474E1F8B6F2E006314CC /* 触摸事件响应链 */ = {
			isa = PBXGroup;
			children = (
				1A9D68E81FAC553C00DDA475 /* ViewAAA.h */,
				1A9D68E91FAC553C00DDA475 /* ViewAAA.m */,
				1A9D68EB1FAC554900DDA475 /* ViewBBB.h */,
				1A9D68EC1FAC554900DDA475 /* ViewBBB.m */,
				1A9D68EE1FAC555300DDA475 /* ViewCCC.h */,
				1A9D68EF1FAC555300DDA475 /* ViewCCC.m */,
				1A9D68F11FAC557E00DDA475 /* ViewDDD.h */,
				1A9D68F21FAC557E00DDA475 /* ViewDDD.m */,
				1A9D68F41FAC558800DDA475 /* ViewEEE.h */,
				1A9D68F51FAC558800DDA475 /* ViewEEE.m */,
				1A9E474F1F8B6F56006314CC /* ResponderChainViewController.h */,
				1A9E47501F8B6F56006314CC /* ResponderChainViewController.m */,
			);
			path = "触摸事件响应链";
			sourceTree = "<group>";
		};
/* End PBXGroup section */

/* Begin PBXNativeTarget section */
		1A9E47311F8B6B21006314CC /* EventHandlingDemo */ = {
			isa = PBXNativeTarget;
			buildConfigurationList = 1A9E47481F8B6B23006314CC /* Build configuration list for PBXNativeTarget "EventHandlingDemo" */;
			buildPhases = (
				1A9E472E1F8B6B21006314CC /* Sources */,
				1A9E472F1F8B6B21006314CC /* Frameworks */,
				1A9E47301F8B6B21006314CC /* Resources */,
			);
			buildRules = (
			);
			dependencies = (
			);
			name = EventHandlingDemo;
			productName = EventHandlingDemo;
			productReference = 1A9E47321F8B6B21006314CC /* EventHandlingDemo.app */;
			productType = "com.apple.product-type.application";
		};
/* End PBXNativeTarget section */

/* Begin PBXProject section */
		1A9E472A1F8B6B20006314CC /* Project object */ = {
			isa = PBXProject;
			attributes = {
				LastUpgradeCheck = 0900;
				ORGANIZATIONNAME = "讯心科技";
				TargetAttributes = {
					1A9E47311F8B6B21006314CC = {
						CreatedOnToolsVersion = 9.0;
						ProvisioningStyle = Manual;
					};
				};
			};
			buildConfigurationList = 1A9E472D1F8B6B20006314CC /* Build configuration list for PBXProject "EventHandlingDemo" */;
			compatibilityVersion = "Xcode 8.0";
			developmentRegion = en;
			hasScannedForEncodings = 0;
			knownRegions = (
				en,
				Base,
			);
			mainGroup = 1A9E47291F8B6B20006314CC;
			productRefGroup = 1A9E47331F8B6B21006314CC /* Products */;
			projectDirPath = "";
			projectRoot = "";
			targets = (
				1A9E47311F8B6B21006314CC /* EventHandlingDemo */,
			);
		};
/* End PBXProject section */

/* Begin PBXResourcesBuildPhase section */
		1A9E47301F8B6B21006314CC /* Resources */ = {
			isa = PBXResourcesBuildPhase;
			buildActionMask = 2147483647;
			files = (
				1A9E47591F8B7243006314CC /* Main.storyboard in Resources */,
				1A9E47581F8B723F006314CC /* LaunchScreen.storyboard in Resources */,
				1A9E473F1F8B6B23006314CC /* Assets.xcassets in Resources */,
			);
			runOnlyForDeploymentPostprocessing = 0;
		};
/* End PBXResourcesBuildPhase section */

/* Begin PBXSourcesBuildPhase section */
		1A9E472E1F8B6B21006314CC /* Sources */ = {
			isa = PBXSourcesBuildPhase;
			buildActionMask = 2147483647;
			files = (
				1A9D68FD1FB0564B00DDA475 /* IrregularViewController.m in Sources */,
				1A9D69081FB189E900DDA475 /* MotionEventViewController.m in Sources */,
				1A9D68F01FAC555300DDA475 /* ViewCCC.m in Sources */,
				1A9D69011FB0628400DDA475 /* HiddenTouchEventViewController.m in Sources */,
				1A9D69041FB0635200DDA475 /* HiddenTouchEventView.m in Sources */,
				1A9E47451F8B6B23006314CC /* main.m in Sources */,
				1A9D68F31FAC557E00DDA475 /* ViewDDD.m in Sources */,
				1A9E47511F8B6F56006314CC /* ResponderChainViewController.m in Sources */,
				1A9D68F61FAC558800DDA475 /* ViewEEE.m in Sources */,
				1A9D68EA1FAC553C00DDA475 /* ViewAAA.m in Sources */,
				1A9E47371F8B6B22006314CC /* AppDelegate.m in Sources */,
				1A9D68E71FAC463A00DDA475 /* UIView+extend.m in Sources */,
				1A9D68ED1FAC554900DDA475 /* ViewBBB.m in Sources */,
				1A9E474D1F8B6C32006314CC /* HomeViewController.m in Sources */,
				1A9D68FA1FB0563A00DDA475 /* IrregularView.m in Sources */,
			);
			runOnlyForDeploymentPostprocessing = 0;
		};
/* End PBXSourcesBuildPhase section */

/* Begin XCBuildConfiguration section */
		1A9E47461F8B6B23006314CC /* Debug */ = {
			isa = XCBuildConfiguration;
			buildSettings = {
				ALWAYS_SEARCH_USER_PATHS = NO;
				CLANG_ANALYZER_NONNULL = YES;
				CLANG_ANALYZER_NUMBER_OBJECT_CONVERSION = YES_AGGRESSIVE;
				CLANG_CXX_LANGUAGE_STANDARD = "gnu++14";
				CLANG_CXX_LIBRARY = "libc++";
				CLANG_ENABLE_MODULES = YES;
				CLANG_ENABLE_OBJC_ARC = YES;
				CLANG_WARN_BLOCK_CAPTURE_AUTORELEASING = YES;
				CLANG_WARN_BOOL_CONVERSION = YES;
				CLANG_WARN_COMMA = YES;
				CLANG_WARN_CONSTANT_CONVERSION = YES;
				CLANG_WARN_DIRECT_OBJC_ISA_USAGE = YES_ERROR;
				CLANG_WARN_DOCUMENTATION_COMMENTS = YES;
				CLANG_WARN_EMPTY_BODY = YES;
				CLANG_WARN_ENUM_CONVERSION = YES;
				CLANG_WARN_INFINITE_RECURSION = YES;
				CLANG_WARN_INT_CONVERSION = YES;
				CLANG_WARN_NON_LITERAL_NULL_CONVERSION = YES;
				CLANG_WARN_OBJC_LITERAL_CONVERSION = YES;
				CLANG_WARN_OBJC_ROOT_CLASS = YES_ERROR;
				CLANG_WARN_RANGE_LOOP_ANALYSIS = YES;
				CLANG_WARN_STRICT_PROTOTYPES = YES;
				CLANG_WARN_SUSPICIOUS_MOVE = YES;
				CLANG_WARN_UNGUARDED_AVAILABILITY = YES_AGGRESSIVE;
				CLANG_WARN_UNREACHABLE_CODE = YES;
				CLANG_WARN__DUPLICATE_METHOD_MATCH = YES;
				CODE_SIGN_IDENTITY = "iPhone Developer";
				COPY_PHASE_STRIP = NO;
				DEBUG_INFORMATION_FORMAT = dwarf;
				ENABLE_STRICT_OBJC_MSGSEND = YES;
				ENABLE_TESTABILITY = YES;
				GCC_C_LANGUAGE_STANDARD = gnu11;
				GCC_DYNAMIC_NO_PIC = NO;
				GCC_NO_COMMON_BLOCKS = YES;
				GCC_OPTIMIZATION_LEVEL = 0;
				GCC_PREPROCESSOR_DEFINITIONS = (
					"DEBUG=1",
					"$(inherited)",
				);
				GCC_WARN_64_TO_32_BIT_CONVERSION = YES;
				GCC_WARN_ABOUT_RETURN_TYPE = YES_ERROR;
				GCC_WARN_UNDECLARED_SELECTOR = YES;
				GCC_WARN_UNINITIALIZED_AUTOS = YES_AGGRESSIVE;
				GCC_WARN_UNUSED_FUNCTION = YES;
				GCC_WARN_UNUSED_VARIABLE = YES;
				IPHONEOS_DEPLOYMENT_TARGET = 8.0;
				MTL_ENABLE_DEBUG_INFO = YES;
				ONLY_ACTIVE_ARCH = YES;
				SDKROOT = iphoneos;
			};
			name = Debug;
		};
		1A9E47471F8B6B23006314CC /* Release */ = {
			isa = XCBuildConfiguration;
			buildSettings = {
				ALWAYS_SEARCH_USER_PATHS = NO;
				CLANG_ANALYZER_NONNULL = YES;
				CLANG_ANALYZER_NUMBER_OBJECT_CONVERSION = YES_AGGRESSIVE;
				CLANG_CXX_LANGUAGE_STANDARD = "gnu++14";
				CLANG_CXX_LIBRARY = "libc++";
				CLANG_ENABLE_MODULES = YES;
				CLANG_ENABLE_OBJC_ARC = YES;
				CLANG_WARN_BLOCK_CAPTURE_AUTORELEASING = YES;
				CLANG_WARN_BOOL_CONVERSION = YES;
				CLANG_WARN_COMMA = YES;
				CLANG_WARN_CONSTANT_CONVERSION = YES;
				CLANG_WARN_DIRECT_OBJC_ISA_USAGE = YES_ERROR;
				CLANG_WARN_DOCUMENTATION_COMMENTS = YES;
				CLANG_WARN_EMPTY_BODY = YES;
				CLANG_WARN_ENUM_CONVERSION = YES;
				CLANG_WARN_INFINITE_RECURSION = YES;
				CLANG_WARN_INT_CONVERSION = YES;
				CLANG_WARN_NON_LITERAL_NULL_CONVERSION = YES;
				CLANG_WARN_OBJC_LITERAL_CONVERSION = YES;
				CLANG_WARN_OBJC_ROOT_CLASS = YES_ERROR;
				CLANG_WARN_RANGE_LOOP_ANALYSIS = YES;
				CLANG_WARN_STRICT_PROTOTYPES = YES;
				CLANG_WARN_SUSPICIOUS_MOVE = YES;
				CLANG_WARN_UNGUARDED_AVAILABILITY = YES_AGGRESSIVE;
				CLANG_WARN_UNREACHABLE_CODE = YES;
				CLANG_WARN__DUPLICATE_METHOD_MATCH = YES;
				CODE_SIGN_IDENTITY = "iPhone Developer";
				COPY_PHASE_STRIP = NO;
				DEBUG_INFORMATION_FORMAT = "dwarf-with-dsym";
				ENABLE_NS_ASSERTIONS = NO;
				ENABLE_STRICT_OBJC_MSGSEND = YES;
				GCC_C_LANGUAGE_STANDARD = gnu11;
				GCC_NO_COMMON_BLOCKS = YES;
				GCC_WARN_64_TO_32_BIT_CONVERSION = YES;
				GCC_WARN_ABOUT_RETURN_TYPE = YES_ERROR;
				GCC_WARN_UNDECLARED_SELECTOR = YES;
				GCC_WARN_UNINITIALIZED_AUTOS = YES_AGGRESSIVE;
				GCC_WARN_UNUSED_FUNCTION = YES;
				GCC_WARN_UNUSED_VARIABLE = YES;
				IPHONEOS_DEPLOYMENT_TARGET = 8.0;
				MTL_ENABLE_DEBUG_INFO = NO;
				SDKROOT = iphoneos;
				VALIDATE_PRODUCT = YES;
			};
			name = Release;
		};
		1A9E47491F8B6B23006314CC /* Debug */ = {
			isa = XCBuildConfiguration;
			buildSettings = {
				ASSETCATALOG_COMPILER_APPICON_NAME = AppIcon;
				CODE_SIGN_STYLE = Manual;
				DEVELOPMENT_TEAM = "";
				INFOPLIST_FILE = EventHandlingDemo/Info.plist;
				IPHONEOS_DEPLOYMENT_TARGET = 8.0;
				LD_RUNPATH_SEARCH_PATHS = "$(inherited) @executable_path/Frameworks";
				PRODUCT_BUNDLE_IDENTIFIER = com.xunxin.EventHandlingDemo;
				PRODUCT_NAME = "$(TARGET_NAME)";
				PROVISIONING_PROFILE_SPECIFIER = "";
				TARGETED_DEVICE_FAMILY = 1;
			};
			name = Debug;
		};
		1A9E474A1F8B6B23006314CC /* Release */ = {
			isa = XCBuildConfiguration;
			buildSettings = {
				ASSETCATALOG_COMPILER_APPICON_NAME = AppIcon;
				CODE_SIGN_STYLE = Manual;
				DEVELOPMENT_TEAM = "";
				INFOPLIST_FILE = EventHandlingDemo/Info.plist;
				IPHONEOS_DEPLOYMENT_TARGET = 8.0;
				LD_RUNPATH_SEARCH_PATHS = "$(inherited) @executable_path/Frameworks";
				PRODUCT_BUNDLE_IDENTIFIER = com.xunxin.EventHandlingDemo;
				PRODUCT_NAME = "$(TARGET_NAME)";
				PROVISIONING_PROFILE_SPECIFIER = "";
				TARGETED_DEVICE_FAMILY = 1;
			};
			name = Release;
		};
/* End XCBuildConfiguration section */

/* Begin XCConfigurationList section */
		1A9E472D1F8B6B20006314CC /* Build configuration list for PBXProject "EventHandlingDemo" */ = {
			isa = XCConfigurationList;
			buildConfigurations = (
				1A9E47461F8B6B23006314CC /* Debug */,
				1A9E47471F8B6B23006314CC /* Release */,
			);
			defaultConfigurationIsVisible = 0;
			defaultConfigurationName = Release;
		};
		1A9E47481F8B6B23006314CC /* Build configuration list for PBXNativeTarget "EventHandlingDemo" */ = {
			isa = XCConfigurationList;
			buildConfigurations = (
				1A9E47491F8B6B23006314CC /* Debug */,
				1A9E474A1F8B6B23006314CC /* Release */,
			);
			defaultConfigurationIsVisible = 0;
			defaultConfigurationName = Release;
		};
/* End XCConfigurationList section */
	};
	rootObject = 1A9E472A1F8B6B20006314CC /* Project object */;
}
